
Microsoft Visual Studio Solution File, Format Version 12.00
# Visual Studio Version 17
VisualStudioVersion = 17.11.35312.102
MinimumVisualStudioVersion = 10.0.40219.1
Project("{8BC9CEB8-8B4A-11D0-8D11-00A0C91BC942}") = "lab_12.3_A", "lab_12.3_A\lab_12.3_A.vcxproj", "{00C8BC20-3AFA-4AAF-9745-50B4F9C9C1CE}"
EndProject
Project("{8BC9CEB8-8B4A-11D0-8D11-00A0C91BC942}") = "UnitTest_12.3_A", "UnitTest_12.3_A\UnitTest_12.3_A.vcxproj", "{20B53A15-2055-46A7-B6FF-F0306FF766CE}"
EndProject
Global
	GlobalSection(SolutionConfigurationPlatforms) = preSolution
		Debug|x64 = Debug|x64
		Debug|x86 = Debug|x86
		Release|x64 = Release|x64
		Release|x86 = Release|x86
	EndGlobalSection
	GlobalSection(ProjectConfigurationPlatforms) = postSolution
		{00C8BC20-3AFA-4AAF-9745-50B4F9C9C1CE}.Debug|x64.ActiveCfg = Debug|x64
		{00C8BC20-3AFA-4AAF-9745-50B4F9C9C1CE}.Debug|x64.Build.0 = Debug|x64
		{00C8BC20-3AFA-4AAF-9745-50B4F9C9C1CE}.Debug|x86.ActiveCfg = Debug|Win32
		{00C8BC20-3AFA-4AAF-9745-50B4F9C9C1CE}.Debug|x86.Build.0 = Debug|Win32
		{00C8BC20-3AFA-4AAF-9745-50B4F9C9C1CE}.Release|x64.ActiveCfg = Release|x64
		{00C8BC20-3AFA-4AAF-9745-50B4F9C9C1CE}.Release|x64.Build.0 = Release|x64
		{00C8BC20-3AFA-4AAF-9745-50B4F9C9C1CE}.Release|x86.ActiveCfg = Release|Win32
		{00C8BC20-3AFA-4AAF-9745-50B4F9C9C1CE}.Release|x86.Build.0 = Release|Win32
		{20B53A15-2055-46A7-B6FF-F0306FF766CE}.Debug|x64.ActiveCfg = Debug|x64
		{20B53A15-2055-46A7-B6FF-F0306FF766CE}.Debug|x64.Build.0 = Debug|x64
		{20B53A15-2055-46A7-B6FF-F0306FF766CE}.Debug|x86.ActiveCfg = Debug|Win32
		{20B53A15-2055-46A7-B6FF-F0306FF766CE}.Debug|x86.Build.0 = Debug|Win32
		{20B53A15-2055-46A7-B6FF-F0306FF766CE}.Release|x64.ActiveCfg = Release|x64
		{20B53A15-2055-46A7-B6FF-F0306FF766CE}.Release|x64.Build.0 = Release|x64
		{20B53A15-2055-46A7-B6FF-F0306FF766CE}.Release|x86.ActiveCfg = Release|Win32
		{20B53A15-2055-46A7-B6FF-F0306FF766CE}.Release|x86.Build.0 = Release|Win32
	EndGlobalSection
	GlobalSection(SolutionProperties) = preSolution
		HideSolutionNode = FALSE
	EndGlobalSection
	GlobalSection(ExtensibilityGlobals) = postSolution
		SolutionGuid = {C81C8AC8-1728-40F7-A175-A2F2DBDB6FB9}
	EndGlobalSection
EndGlobal
